
Microsoft Visual Studio Solution File, Format Version 12.00
# Visual Studio Version 16
VisualStudioVersion = 16.0.31410.357
MinimumVisualStudioVersion = 10.0.40219.1
Project("{8BC9CEB8-8B4A-11D0-8D11-00A0C91BC942}") = "Project1-client", "Project1\Project1.vcxproj", "{E7B73322-E0AD-47D9-9348-F1E0B68E3A84}"
EndProject
Project("{8BC9CEB8-8B4A-11D0-8D11-00A0C91BC942}") = "Project1-server", "Project1-server\Project1-server.vcxproj", "{619B0898-E085-45A5-BCDC-FB9A44A45205}"
EndProject
Global
	GlobalSection(SolutionConfigurationPlatforms) = preSolution
		Debug|x64 = Debug|x64
		Debug|x86 = Debug|x86
		Release|x64 = Release|x64
		Release|x86 = Release|x86
	EndGlobalSection
	GlobalSection(ProjectConfigurationPlatforms) = postSolution
		{E7B73322-E0AD-47D9-9348-F1E0B68E3A84}.Debug|x64.ActiveCfg = Debug|x64
		{E7B73322-E0AD-47D9-9348-F1E0B68E3A84}.Debug|x64.Build.0 = Debug|x64
		{E7B73322-E0AD-47D9-9348-F1E0B68E3A84}.Debug|x86.ActiveCfg = Debug|Win32
		{E7B73322-E0AD-47D9-9348-F1E0B68E3A84}.Debug|x86.Build.0 = Debug|Win32
		{E7B73322-E0AD-47D9-9348-F1E0B68E3A84}.Release|x64.ActiveCfg = Release|x64
		{E7B73322-E0AD-47D9-9348-F1E0B68E3A84}.Release|x64.Build.0 = Release|x64
		{E7B73322-E0AD-47D9-9348-F1E0B68E3A84}.Release|x86.ActiveCfg = Release|Win32
		{E7B73322-E0AD-47D9-9348-F1E0B68E3A84}.Release|x86.Build.0 = Release|Win32
		{619B0898-E085-45A5-BCDC-FB9A44A45205}.Debug|x64.ActiveCfg = Debug|x64
		{619B0898-E085-45A5-BCDC-FB9A44A45205}.Debug|x64.Build.0 = Debug|x64
		{619B0898-E085-45A5-BCDC-FB9A44A45205}.Debug|x86.ActiveCfg = Debug|Win32
		{619B0898-E085-45A5-BCDC-FB9A44A45205}.Debug|x86.Build.0 = Debug|Win32
		{619B0898-E085-45A5-BCDC-FB9A44A45205}.Release|x64.ActiveCfg = Release|x64
		{619B0898-E085-45A5-BCDC-FB9A44A45205}.Release|x64.Build.0 = Release|x64
		{619B0898-E085-45A5-BCDC-FB9A44A45205}.Release|x86.ActiveCfg = Release|Win32
		{619B0898-E085-45A5-BCDC-FB9A44A45205}.Release|x86.Build.0 = Release|Win32
	EndGlobalSection
	GlobalSection(SolutionProperties) = preSolution
		HideSolutionNode = FALSE
	EndGlobalSection
	GlobalSection(ExtensibilityGlobals) = postSolution
		SolutionGuid = {0456B839-0CE9-4F8C-A732-5296A95AC083}
	EndGlobalSection
EndGlobal
